
Microsoft Visual Studio Solution File, Format Version 12.00
# Visual Studio Version 17
VisualStudioVersion = 17.14.36221.1 d17.14
MinimumVisualStudioVersion = 10.0.40219.1
Project("{FAE04EC0-301F-11D3-BF4B-00C04F79EFBC}") = "BE_HQTCSDL", "BE_HQTCSDL\BE_HQTCSDL.csproj", "{64673D73-0170-45CB-8E71-166048ED7DF1}"
EndProject
Global
	GlobalSection(SolutionConfigurationPlatforms) = preSolution
		Debug|Any CPU = Debug|Any CPU
		Release|Any CPU = Release|Any CPU
	EndGlobalSection
	GlobalSection(ProjectConfigurationPlatforms) = postSolution
		{64673D73-0170-45CB-8E71-166048ED7DF1}.Debug|Any CPU.ActiveCfg = Debug|Any CPU
		{64673D73-0170-45CB-8E71-166048ED7DF1}.Debug|Any CPU.Build.0 = Debug|Any CPU
		{64673D73-0170-45CB-8E71-166048ED7DF1}.Release|Any CPU.ActiveCfg = Release|Any CPU
		{64673D73-0170-45CB-8E71-166048ED7DF1}.Release|Any CPU.Build.0 = Release|Any CPU
	EndGlobalSection
	GlobalSection(SolutionProperties) = preSolution
		HideSolutionNode = FALSE
	EndGlobalSection
	GlobalSection(ExtensibilityGlobals) = postSolution
		SolutionGuid = {3C5F5ABE-7F07-484E-A2D6-05D2D3CD4082}
	EndGlobalSection
EndGlobal
